
Microsoft Visual Studio Solution File, Format Version 12.00
# Visual Studio Version 16
VisualStudioVersion = 16.0.31729.503
MinimumVisualStudioVersion = 10.0.40219.1
Project("{FAE04EC0-301F-11D3-BF4B-00C04F79EFBC}") = "NewsPortal", "NewsPortal\NewsPortal.csproj", "{3334EB9B-B976-4ED5-9BD3-EE9062A23970}"
EndProject
Project("{FAE04EC0-301F-11D3-BF4B-00C04F79EFBC}") = "DAL", "DAL\DAL.csproj", "{6E2E589F-D637-4D99-A16E-7F720AD39822}"
EndProject
Project("{FAE04EC0-301F-11D3-BF4B-00C04F79EFBC}") = "BLL", "BLL\BLL.csproj", "{CCF9EBAE-C751-486D-8A7C-9731696782E4}"
EndProject
Project("{FAE04EC0-301F-11D3-BF4B-00C04F79EFBC}") = "DApp", "DApp\DApp.csproj", "{71CE9D4E-0D55-4D0D-A0BB-8EEE6074FF89}"
EndProject
Global
	GlobalSection(SolutionConfigurationPlatforms) = preSolution
		Debug|Any CPU = Debug|Any CPU
		Release|Any CPU = Release|Any CPU
	EndGlobalSection
	GlobalSection(ProjectConfigurationPlatforms) = postSolution
		{3334EB9B-B976-4ED5-9BD3-EE9062A23970}.Debug|Any CPU.ActiveCfg = Debug|Any CPU
		{3334EB9B-B976-4ED5-9BD3-EE9062A23970}.Debug|Any CPU.Build.0 = Debug|Any CPU
		{3334EB9B-B976-4ED5-9BD3-EE9062A23970}.Release|Any CPU.ActiveCfg = Release|Any CPU
		{3334EB9B-B976-4ED5-9BD3-EE9062A23970}.Release|Any CPU.Build.0 = Release|Any CPU
		{6E2E589F-D637-4D99-A16E-7F720AD39822}.Debug|Any CPU.ActiveCfg = Debug|Any CPU
		{6E2E589F-D637-4D99-A16E-7F720AD39822}.Debug|Any CPU.Build.0 = Debug|Any CPU
		{6E2E589F-D637-4D99-A16E-7F720AD39822}.Release|Any CPU.ActiveCfg = Release|Any CPU
		{6E2E589F-D637-4D99-A16E-7F720AD39822}.Release|Any CPU.Build.0 = Release|Any CPU
		{CCF9EBAE-C751-486D-8A7C-9731696782E4}.Debug|Any CPU.ActiveCfg = Debug|Any CPU
		{CCF9EBAE-C751-486D-8A7C-9731696782E4}.Debug|Any CPU.Build.0 = Debug|Any CPU
		{CCF9EBAE-C751-486D-8A7C-9731696782E4}.Release|Any CPU.ActiveCfg = Release|Any CPU
		{CCF9EBAE-C751-486D-8A7C-9731696782E4}.Release|Any CPU.Build.0 = Release|Any CPU
		{71CE9D4E-0D55-4D0D-A0BB-8EEE6074FF89}.Debug|Any CPU.ActiveCfg = Debug|Any CPU
		{71CE9D4E-0D55-4D0D-A0BB-8EEE6074FF89}.Debug|Any CPU.Build.0 = Debug|Any CPU
		{71CE9D4E-0D55-4D0D-A0BB-8EEE6074FF89}.Release|Any CPU.ActiveCfg = Release|Any CPU
		{71CE9D4E-0D55-4D0D-A0BB-8EEE6074FF89}.Release|Any CPU.Build.0 = Release|Any CPU
	EndGlobalSection
	GlobalSection(SolutionProperties) = preSolution
		HideSolutionNode = FALSE
	EndGlobalSection
	GlobalSection(ExtensibilityGlobals) = postSolution
		SolutionGuid = {63120F38-46AE-407F-A9A0-71CD52D658ED}
	EndGlobalSection
EndGlobal
